// !$*UTF8*$!
{
	archiveVersion = 1;
	classes = {
	};
	objectVersion = 50;
	objects = {

/* Begin PBXBuildFile section */
		2B0FB484235E19F700295E28 /* AppDelegate.swift in Sources */ = {isa = PBXBuildFile; fileRef = 2B0FB483235E19F700295E28 /* AppDelegate.swift */; };
		2B0FB486235E19F700295E28 /* SceneDelegate.swift in Sources */ = {isa = PBXBuildFile; fileRef = 2B0FB485235E19F700295E28 /* SceneDelegate.swift */; };
		2B0FB488235E19F700295E28 /* TopViewController.swift in Sources */ = {isa = PBXBuildFile; fileRef = 2B0FB487235E19F700295E28 /* TopViewController.swift */; };
		2B0FB48D235E19FC00295E28 /* Assets.xcassets in Resources */ = {isa = PBXBuildFile; fileRef = 2B0FB48C235E19FC00295E28 /* Assets.xcassets */; };
		2B0FB490235E19FC00295E28 /* LaunchScreen.storyboard in Resources */ = {isa = PBXBuildFile; fileRef = 2B0FB48E235E19FC00295E28 /* LaunchScreen.storyboard */; };
		2B372FBB2369FA650037ADE4 /* TopNavigator.swift in Sources */ = {isa = PBXBuildFile; fileRef = 2B372FBA2369FA650037ADE4 /* TopNavigator.swift */; };
		2B372FBE2369FE7D0037ADE4 /* RootViewController.swift in Sources */ = {isa = PBXBuildFile; fileRef = 2B372FBD2369FE7D0037ADE4 /* RootViewController.swift */; };
		2B372FC02369FE980037ADE4 /* RootNavigator.swift in Sources */ = {isa = PBXBuildFile; fileRef = 2B372FBF2369FE980037ADE4 /* RootNavigator.swift */; };
		2B372FC22369FEA90037ADE4 /* RootViewModel.swift in Sources */ = {isa = PBXBuildFile; fileRef = 2B372FC12369FEA90037ADE4 /* RootViewModel.swift */; };
		2B372FC4236A044D0037ADE4 /* Application.swift in Sources */ = {isa = PBXBuildFile; fileRef = 2B372FC3236A044D0037ADE4 /* Application.swift */; };
		2B372FC6236AC3030037ADE4 /* ContainerViewControllerType.swift in Sources */ = {isa = PBXBuildFile; fileRef = 2B372FC5236AC3030037ADE4 /* ContainerViewControllerType.swift */; };
		2BA4D19F236195F4006E6C44 /* RxRelay.framework in Frameworks */ = {isa = PBXBuildFile; fileRef = 2BA4D19E236195F4006E6C44 /* RxRelay.framework */; };
		2BA4D1A0236195F4006E6C44 /* RxRelay.framework in Embed Frameworks */ = {isa = PBXBuildFile; fileRef = 2BA4D19E236195F4006E6C44 /* RxRelay.framework */; settings = {ATTRIBUTES = (CodeSignOnCopy, RemoveHeadersOnCopy, ); }; };
		2BCDE7A6235E20ED00C05C38 /* RxSwift.framework in Frameworks */ = {isa = PBXBuildFile; fileRef = 2BCDE7A5235E20ED00C05C38 /* RxSwift.framework */; };
		2BCDE7A7235E20ED00C05C38 /* RxSwift.framework in Embed Frameworks */ = {isa = PBXBuildFile; fileRef = 2BCDE7A5235E20ED00C05C38 /* RxSwift.framework */; settings = {ATTRIBUTES = (CodeSignOnCopy, RemoveHeadersOnCopy, ); }; };
		2BCDE7AA235E210100C05C38 /* RxCocoa.framework in Frameworks */ = {isa = PBXBuildFile; fileRef = 2BCDE7A9235E210100C05C38 /* RxCocoa.framework */; };
		2BCDE7AB235E210100C05C38 /* RxCocoa.framework in Embed Frameworks */ = {isa = PBXBuildFile; fileRef = 2BCDE7A9235E210100C05C38 /* RxCocoa.framework */; settings = {ATTRIBUTES = (CodeSignOnCopy, RemoveHeadersOnCopy, ); }; };
		2BCDE7AE235EC3AC00C05C38 /* TopViewModel.swift in Sources */ = {isa = PBXBuildFile; fileRef = 2BCDE7AD235EC3AC00C05C38 /* TopViewModel.swift */; };
/* End PBXBuildFile section */

/* Begin PBXCopyFilesBuildPhase section */
		2BCDE7A8235E20ED00C05C38 /* Embed Frameworks */ = {
			isa = PBXCopyFilesBuildPhase;
			buildActionMask = 2147483647;
			dstPath = "";
			dstSubfolderSpec = 10;
			files = (
				2BCDE7AB235E210100C05C38 /* RxCocoa.framework in Embed Frameworks */,
				2BCDE7A7235E20ED00C05C38 /* RxSwift.framework in Embed Frameworks */,
				2BA4D1A0236195F4006E6C44 /* RxRelay.framework in Embed Frameworks */,
			);
			name = "Embed Frameworks";
			runOnlyForDeploymentPostprocessing = 0;
		};
/* End PBXCopyFilesBuildPhase section */

/* Begin PBXFileReference section */
		2B0FB480235E19F700295E28 /* TextFieldChecker.app */ = {isa = PBXFileReference; explicitFileType = wrapper.application; includeInIndex = 0; path = TextFieldChecker.app; sourceTree = BUILT_PRODUCTS_DIR; };
		2B0FB483235E19F700295E28 /* AppDelegate.swift */ = {isa = PBXFileReference; lastKnownFileType = sourcecode.swift; path = AppDelegate.swift; sourceTree = "<group>"; };
		2B0FB485235E19F700295E28 /* SceneDelegate.swift */ = {isa = PBXFileReference; lastKnownFileType = sourcecode.swift; path = SceneDelegate.swift; sourceTree = "<group>"; };
		2B0FB487235E19F700295E28 /* TopViewController.swift */ = {isa = PBXFileReference; lastKnownFileType = sourcecode.swift; path = TopViewController.swift; sourceTree = "<group>"; };
		2B0FB48C235E19FC00295E28 /* Assets.xcassets */ = {isa = PBXFileReference; lastKnownFileType = folder.assetcatalog; path = Assets.xcassets; sourceTree = "<group>"; };
		2B0FB48F235E19FC00295E28 /* Base */ = {isa = PBXFileReference; lastKnownFileType = file.storyboard; name = Base; path = Base.lproj/LaunchScreen.storyboard; sourceTree = "<group>"; };
		2B0FB491235E19FC00295E28 /* Info.plist */ = {isa = PBXFileReference; lastKnownFileType = text.plist.xml; path = Info.plist; sourceTree = "<group>"; };
		2B372FBA2369FA650037ADE4 /* TopNavigator.swift */ = {isa = PBXFileReference; lastKnownFileType = sourcecode.swift; path = TopNavigator.swift; sourceTree = "<group>"; };
		2B372FBD2369FE7D0037ADE4 /* RootViewController.swift */ = {isa = PBXFileReference; lastKnownFileType = sourcecode.swift; path = RootViewController.swift; sourceTree = "<group>"; };
		2B372FBF2369FE980037ADE4 /* RootNavigator.swift */ = {isa = PBXFileReference; lastKnownFileType = sourcecode.swift; path = RootNavigator.swift; sourceTree = "<group>"; };
		2B372FC12369FEA90037ADE4 /* RootViewModel.swift */ = {isa = PBXFileReference; lastKnownFileType = sourcecode.swift; path = RootViewModel.swift; sourceTree = "<group>"; };
		2B372FC3236A044D0037ADE4 /* Application.swift */ = {isa = PBXFileReference; lastKnownFileType = sourcecode.swift; path = Application.swift; sourceTree = "<group>"; };
		2B372FC5236AC3030037ADE4 /* ContainerViewControllerType.swift */ = {isa = PBXFileReference; lastKnownFileType = sourcecode.swift; path = ContainerViewControllerType.swift; sourceTree = "<group>"; };
		2BA4D19E236195F4006E6C44 /* RxRelay.framework */ = {isa = PBXFileReference; lastKnownFileType = wrapper.framework; name = RxRelay.framework; path = Carthage/Build/iOS/RxRelay.framework; sourceTree = "<group>"; };
		2BCDE7A5235E20ED00C05C38 /* RxSwift.framework */ = {isa = PBXFileReference; lastKnownFileType = wrapper.framework; name = RxSwift.framework; path = Carthage/Build/iOS/RxSwift.framework; sourceTree = "<group>"; };
		2BCDE7A9235E210100C05C38 /* RxCocoa.framework */ = {isa = PBXFileReference; lastKnownFileType = wrapper.framework; name = RxCocoa.framework; path = Carthage/Build/iOS/RxCocoa.framework; sourceTree = "<group>"; };
		2BCDE7AD235EC3AC00C05C38 /* TopViewModel.swift */ = {isa = PBXFileReference; lastKnownFileType = sourcecode.swift; path = TopViewModel.swift; sourceTree = "<group>"; };
/* End PBXFileReference section */

/* Begin PBXFrameworksBuildPhase section */
		2B0FB47D235E19F700295E28 /* Frameworks */ = {
			isa = PBXFrameworksBuildPhase;
			buildActionMask = 2147483647;
			files = (
				2BCDE7AA235E210100C05C38 /* RxCocoa.framework in Frameworks */,
				2BCDE7A6235E20ED00C05C38 /* RxSwift.framework in Frameworks */,
				2BA4D19F236195F4006E6C44 /* RxRelay.framework in Frameworks */,
			);
			runOnlyForDeploymentPostprocessing = 0;
		};
/* End PBXFrameworksBuildPhase section */

/* Begin PBXGroup section */
		2B0FB477235E19F700295E28 = {
			isa = PBXGroup;
			children = (
				2B0FB482235E19F700295E28 /* TextFieldChecker */,
				2B0FB481235E19F700295E28 /* Products */,
				2BCDE7A4235E20ED00C05C38 /* Frameworks */,
			);
			sourceTree = "<group>";
		};
		2B0FB481235E19F700295E28 /* Products */ = {
			isa = PBXGroup;
			children = (
				2B0FB480235E19F700295E28 /* TextFieldChecker.app */,
			);
			name = Products;
			sourceTree = "<group>";
		};
		2B0FB482235E19F700295E28 /* TextFieldChecker */ = {
			isa = PBXGroup;
			children = (
				2B0FB48C235E19FC00295E28 /* Assets.xcassets */,
				2B0FB48E235E19FC00295E28 /* LaunchScreen.storyboard */,
				2B0FB491235E19FC00295E28 /* Info.plist */,
				2BA4D1A12361A78C006E6C44 /* Sources */,
			);
			path = TextFieldChecker;
			sourceTree = "<group>";
		};
		2B372FBC2369FE370037ADE4 /* Root */ = {
			isa = PBXGroup;
			children = (
				2B372FBD2369FE7D0037ADE4 /* RootViewController.swift */,
				2B372FC12369FEA90037ADE4 /* RootViewModel.swift */,
				2B372FBF2369FE980037ADE4 /* RootNavigator.swift */,
			);
			path = Root;
			sourceTree = "<group>";
		};
		2BA4D1A12361A78C006E6C44 /* Sources */ = {
			isa = PBXGroup;
			children = (
				2B0FB483235E19F700295E28 /* AppDelegate.swift */,
				2B0FB485235E19F700295E28 /* SceneDelegate.swift */,
				2B372FC3236A044D0037ADE4 /* Application.swift */,
				2B372FC5236AC3030037ADE4 /* ContainerViewControllerType.swift */,
				2B372FBC2369FE370037ADE4 /* Root */,
				2BA4D1A22361A7A6006E6C44 /* Top */,
			);
			path = Sources;
			sourceTree = "<group>";
		};
		2BA4D1A22361A7A6006E6C44 /* Top */ = {
			isa = PBXGroup;
			children = (
				2B0FB487235E19F700295E28 /* TopViewController.swift */,
				2BCDE7AD235EC3AC00C05C38 /* TopViewModel.swift */,
				2B372FBA2369FA650037ADE4 /* TopNavigator.swift */,
			);
			path = Top;
			sourceTree = "<group>";
		};
		2BCDE7A4235E20ED00C05C38 /* Frameworks */ = {
			isa = PBXGroup;
			children = (
				2BA4D19E236195F4006E6C44 /* RxRelay.framework */,
				2BCDE7A9235E210100C05C38 /* RxCocoa.framework */,
				2BCDE7A5235E20ED00C05C38 /* RxSwift.framework */,
			);
			name = Frameworks;
			sourceTree = "<group>";
		};
/* End PBXGroup section */

/* Begin PBXNativeTarget section */
		2B0FB47F235E19F700295E28 /* TextFieldChecker */ = {
			isa = PBXNativeTarget;
			buildConfigurationList = 2B0FB494235E19FC00295E28 /* Build configuration list for PBXNativeTarget "TextFieldChecker" */;
			buildPhases = (
				2B0FB47C235E19F700295E28 /* Sources */,
				2B0FB47D235E19F700295E28 /* Frameworks */,
				2B0FB47E235E19F700295E28 /* Resources */,
				2BCDE7A8235E20ED00C05C38 /* Embed Frameworks */,
				2BCDE7AC235E211000C05C38 /* Carthage */,
			);
			buildRules = (
			);
			dependencies = (
			);
			name = TextFieldChecker;
			productName = TextFieldChecker;
			productReference = 2B0FB480235E19F700295E28 /* TextFieldChecker.app */;
			productType = "com.apple.product-type.application";
		};
/* End PBXNativeTarget section */

/* Begin PBXProject section */
		2B0FB478235E19F700295E28 /* Project object */ = {
			isa = PBXProject;
			attributes = {
				LastSwiftUpdateCheck = 1110;
				LastUpgradeCheck = 1110;
				ORGANIZATIONNAME = "Satoshi Komatsu";
				TargetAttributes = {
					2B0FB47F235E19F700295E28 = {
						CreatedOnToolsVersion = 11.1;
					};
				};
			};
			buildConfigurationList = 2B0FB47B235E19F700295E28 /* Build configuration list for PBXProject "TextFieldChecker" */;
			compatibilityVersion = "Xcode 9.3";
			developmentRegion = en;
			hasScannedForEncodings = 0;
			knownRegions = (
				en,
				Base,
			);
			mainGroup = 2B0FB477235E19F700295E28;
			productRefGroup = 2B0FB481235E19F700295E28 /* Products */;
			projectDirPath = "";
			projectRoot = "";
			targets = (
				2B0FB47F235E19F700295E28 /* TextFieldChecker */,
			);
		};
/* End PBXProject section */

/* Begin PBXResourcesBuildPhase section */
		2B0FB47E235E19F700295E28 /* Resources */ = {
			isa = PBXResourcesBuildPhase;
			buildActionMask = 2147483647;
			files = (
				2B0FB490235E19FC00295E28 /* LaunchScreen.storyboard in Resources */,
				2B0FB48D235E19FC00295E28 /* Assets.xcassets in Resources */,
			);
			runOnlyForDeploymentPostprocessing = 0;
		};
/* End PBXResourcesBuildPhase section */

/* Begin PBXShellScriptBuildPhase section */
		2BCDE7AC235E211000C05C38 /* Carthage */ = {
			isa = PBXShellScriptBuildPhase;
			buildActionMask = 2147483647;
			files = (
			);
			inputFileListPaths = (
			);
			inputPaths = (
				"$(SRCROOT)/Carthage/Build/iOS/RxSwift.framework",
				"$(SRCROOT)/Carthage/Build/iOS/RxCocoa.framework",
				"$(SRCROOT)/Carthage/Build/iOS/RxRelay.framework",
			);
			name = Carthage;
			outputFileListPaths = (
			);
			outputPaths = (
			);
			runOnlyForDeploymentPostprocessing = 0;
			shellPath = /bin/sh;
			shellScript = "# Type a script or drag a script file from your workspace to insert its path.\n/usr/local/bin/carthage copy-frameworks\n";
		};
/* End PBXShellScriptBuildPhase section */

/* Begin PBXSourcesBuildPhase section */
		2B0FB47C235E19F700295E28 /* Sources */ = {
			isa = PBXSourcesBuildPhase;
			buildActionMask = 2147483647;
			files = (
				2B372FC4236A044D0037ADE4 /* Application.swift in Sources */,
				2B372FBB2369FA650037ADE4 /* TopNavigator.swift in Sources */,
				2B372FC6236AC3030037ADE4 /* ContainerViewControllerType.swift in Sources */,
				2BCDE7AE235EC3AC00C05C38 /* TopViewModel.swift in Sources */,
				2B372FBE2369FE7D0037ADE4 /* RootViewController.swift in Sources */,
				2B372FC02369FE980037ADE4 /* RootNavigator.swift in Sources */,
				2B0FB488235E19F700295E28 /* TopViewController.swift in Sources */,
				2B0FB484235E19F700295E28 /* AppDelegate.swift in Sources */,
				2B372FC22369FEA90037ADE4 /* RootViewModel.swift in Sources */,
				2B0FB486235E19F700295E28 /* SceneDelegate.swift in Sources */,
			);
			runOnlyForDeploymentPostprocessing = 0;
		};
/* End PBXSourcesBuildPhase section */

/* Begin PBXVariantGroup section */
		2B0FB48E235E19FC00295E28 /* LaunchScreen.storyboard */ = {
			isa = PBXVariantGroup;
			children = (
				2B0FB48F235E19FC00295E28 /* Base */,
			);
			name = LaunchScreen.storyboard;
			sourceTree = "<group>";
		};
/* End PBXVariantGroup section */

/* Begin XCBuildConfiguration section */
		2B0FB492235E19FC00295E28 /* Debug */ = {
			isa = XCBuildConfiguration;
			buildSettings = {
				ALWAYS_SEARCH_USER_PATHS = NO;
				CLANG_ANALYZER_NONNULL = YES;
				CLANG_ANALYZER_NUMBER_OBJECT_CONVERSION = YES_AGGRESSIVE;
				CLANG_CXX_LANGUAGE_STANDARD = "gnu++14";
				CLANG_CXX_LIBRARY = "libc++";
				CLANG_ENABLE_MODULES = YES;
				CLANG_ENABLE_OBJC_ARC = YES;
				CLANG_ENABLE_OBJC_WEAK = YES;
				CLANG_WARN_BLOCK_CAPTURE_AUTORELEASING = YES;
				CLANG_WARN_BOOL_CONVERSION = YES;
				CLANG_WARN_COMMA = YES;
				CLANG_WARN_CONSTANT_CONVERSION = YES;
				CLANG_WARN_DEPRECATED_OBJC_IMPLEMENTATIONS = YES;
				CLANG_WARN_DIRECT_OBJC_ISA_USAGE = YES_ERROR;
				CLANG_WARN_DOCUMENTATION_COMMENTS = YES;
				CLANG_WARN_EMPTY_BODY = YES;
				CLANG_WARN_ENUM_CONVERSION = YES;
				CLANG_WARN_INFINITE_RECURSION = YES;
				CLANG_WARN_INT_CONVERSION = YES;
				CLANG_WARN_NON_LITERAL_NULL_CONVERSION = YES;
				CLANG_WARN_OBJC_IMPLICIT_RETAIN_SELF = YES;
				CLANG_WARN_OBJC_LITERAL_CONVERSION = YES;
				CLANG_WARN_OBJC_ROOT_CLASS = YES_ERROR;
				CLANG_WARN_RANGE_LOOP_ANALYSIS = YES;
				CLANG_WARN_STRICT_PROTOTYPES = YES;
				CLANG_WARN_SUSPICIOUS_MOVE = YES;
				CLANG_WARN_UNGUARDED_AVAILABILITY = YES_AGGRESSIVE;
				CLANG_WARN_UNREACHABLE_CODE = YES;
				CLANG_WARN__DUPLICATE_METHOD_MATCH = YES;
				COPY_PHASE_STRIP = NO;
				DEBUG_INFORMATION_FORMAT = dwarf;
				ENABLE_STRICT_OBJC_MSGSEND = YES;
				ENABLE_TESTABILITY = YES;
				GCC_C_LANGUAGE_STANDARD = gnu11;
				GCC_DYNAMIC_NO_PIC = NO;
				GCC_NO_COMMON_BLOCKS = YES;
				GCC_OPTIMIZATION_LEVEL = 0;
				GCC_PREPROCESSOR_DEFINITIONS = (
					"DEBUG=1",
					"$(inherited)",
				);
				GCC_WARN_64_TO_32_BIT_CONVERSION = YES;
				GCC_WARN_ABOUT_RETURN_TYPE = YES_ERROR;
				GCC_WARN_UNDECLARED_SELECTOR = YES;
				GCC_WARN_UNINITIALIZED_AUTOS = YES_AGGRESSIVE;
				GCC_WARN_UNUSED_FUNCTION = YES;
				GCC_WARN_UNUSED_VARIABLE = YES;
				IPHONEOS_DEPLOYMENT_TARGET = 13.1;
				MTL_ENABLE_DEBUG_INFO = INCLUDE_SOURCE;
				MTL_FAST_MATH = YES;
				ONLY_ACTIVE_ARCH = YES;
				SDKROOT = iphoneos;
				SWIFT_ACTIVE_COMPILATION_CONDITIONS = DEBUG;
				SWIFT_OPTIMIZATION_LEVEL = "-Onone";
			};
			name = Debug;
		};
		2B0FB493235E19FC00295E28 /* Release */ = {
			isa = XCBuildConfiguration;
			buildSettings = {
				ALWAYS_SEARCH_USER_PATHS = NO;
				CLANG_ANALYZER_NONNULL = YES;
				CLANG_ANALYZER_NUMBER_OBJECT_CONVERSION = YES_AGGRESSIVE;
				CLANG_CXX_LANGUAGE_STANDARD = "gnu++14";
				CLANG_CXX_LIBRARY = "libc++";
				CLANG_ENABLE_MODULES = YES;
				CLANG_ENABLE_OBJC_ARC = YES;
				CLANG_ENABLE_OBJC_WEAK = YES;
				CLANG_WARN_BLOCK_CAPTURE_AUTORELEASING = YES;
				CLANG_WARN_BOOL_CONVERSION = YES;
				CLANG_WARN_COMMA = YES;
				CLANG_WARN_CONSTANT_CONVERSION = YES;
				CLANG_WARN_DEPRECATED_OBJC_IMPLEMENTATIONS = YES;
				CLANG_WARN_DIRECT_OBJC_ISA_USAGE = YES_ERROR;
				CLANG_WARN_DOCUMENTATION_COMMENTS = YES;
				CLANG_WARN_EMPTY_BODY = YES;
				CLANG_WARN_ENUM_CONVERSION = YES;
				CLANG_WARN_INFINITE_RECURSION = YES;
				CLANG_WARN_INT_CONVERSION = YES;
				CLANG_WARN_NON_LITERAL_NULL_CONVERSION = YES;
				CLANG_WARN_OBJC_IMPLICIT_RETAIN_SELF = YES;
				CLANG_WARN_OBJC_LITERAL_CONVERSION = YES;
				CLANG_WARN_OBJC_ROOT_CLASS = YES_ERROR;
				CLANG_WARN_RANGE_LOOP_ANALYSIS = YES;
				CLANG_WARN_STRICT_PROTOTYPES = YES;
				CLANG_WARN_SUSPICIOUS_MOVE = YES;
				CLANG_WARN_UNGUARDED_AVAILABILITY = YES_AGGRESSIVE;
				CLANG_WARN_UNREACHABLE_CODE = YES;
				CLANG_WARN__DUPLICATE_METHOD_MATCH = YES;
				COPY_PHASE_STRIP = NO;
				DEBUG_INFORMATION_FORMAT = "dwarf-with-dsym";
				ENABLE_NS_ASSERTIONS = NO;
				ENABLE_STRICT_OBJC_MSGSEND = YES;
				GCC_C_LANGUAGE_STANDARD = gnu11;
				GCC_NO_COMMON_BLOCKS = YES;
				GCC_WARN_64_TO_32_BIT_CONVERSION = YES;
				GCC_WARN_ABOUT_RETURN_TYPE = YES_ERROR;
				GCC_WARN_UNDECLARED_SELECTOR = YES;
				GCC_WARN_UNINITIALIZED_AUTOS = YES_AGGRESSIVE;
				GCC_WARN_UNUSED_FUNCTION = YES;
				GCC_WARN_UNUSED_VARIABLE = YES;
				IPHONEOS_DEPLOYMENT_TARGET = 13.1;
				MTL_ENABLE_DEBUG_INFO = NO;
				MTL_FAST_MATH = YES;
				SDKROOT = iphoneos;
				SWIFT_COMPILATION_MODE = wholemodule;
				SWIFT_OPTIMIZATION_LEVEL = "-O";
				VALIDATE_PRODUCT = YES;
			};
			name = Release;
		};
		2B0FB495235E19FC00295E28 /* Debug */ = {
			isa = XCBuildConfiguration;
			buildSettings = {
				ASSETCATALOG_COMPILER_APPICON_NAME = AppIcon;
				CODE_SIGN_STYLE = Automatic;
				DEVELOPMENT_TEAM = 56787CM63P;
				FRAMEWORK_SEARCH_PATHS = (
					"$(inherited)",
					"$(PROJECT_DIR)/Carthage/Build/iOS",
				);
				INFOPLIST_FILE = TextFieldChecker/Info.plist;
				IPHONEOS_DEPLOYMENT_TARGET = 11.0;
				LD_RUNPATH_SEARCH_PATHS = (
					"$(inherited)",
					"@executable_path/Frameworks",
				);
				PRODUCT_BUNDLE_IDENTIFIER = tosh7.TextFieldChecker;
				PRODUCT_NAME = "$(TARGET_NAME)";
				SWIFT_VERSION = 5.0;
				TARGETED_DEVICE_FAMILY = 1;
			};
			name = Debug;
		};
		2B0FB496235E19FC00295E28 /* Release */ = {
			isa = XCBuildConfiguration;
			buildSettings = {
				ASSETCATALOG_COMPILER_APPICON_NAME = AppIcon;
				CODE_SIGN_STYLE = Automatic;
				DEVELOPMENT_TEAM = 56787CM63P;
				FRAMEWORK_SEARCH_PATHS = (
					"$(inherited)",
					"$(PROJECT_DIR)/Carthage/Build/iOS",
				);
				INFOPLIST_FILE = TextFieldChecker/Info.plist;
				IPHONEOS_DEPLOYMENT_TARGET = 11.0;
				LD_RUNPATH_SEARCH_PATHS = (
					"$(inherited)",
					"@executable_path/Frameworks",
				);
				PRODUCT_BUNDLE_IDENTIFIER = tosh7.TextFieldChecker;
				PRODUCT_NAME = "$(TARGET_NAME)";
				SWIFT_VERSION = 5.0;
				TARGETED_DEVICE_FAMILY = 1;
			};
			name = Release;
		};
/* End XCBuildConfiguration section */

/* Begin XCConfigurationList section */
		2B0FB47B235E19F700295E28 /* Build configuration list for PBXProject "TextFieldChecker" */ = {
			isa = XCConfigurationList;
			buildConfigurations = (
				2B0FB492235E19FC00295E28 /* Debug */,
				2B0FB493235E19FC00295E28 /* Release */,
			);
			defaultConfigurationIsVisible = 0;
			defaultConfigurationName = Release;
		};
		2B0FB494235E19FC00295E28 /* Build configuration list for PBXNativeTarget "TextFieldChecker" */ = {
			isa = XCConfigurationList;
			buildConfigurations = (
				2B0FB495235E19FC00295E28 /* Debug */,
				2B0FB496235E19FC00295E28 /* Release */,
			);
			defaultConfigurationIsVisible = 0;
			defaultConfigurationName = Release;
		};
/* End XCConfigurationList section */
	};
	rootObject = 2B0FB478235E19F700295E28 /* Project object */;
}
